
Microsoft Visual Studio Solution File, Format Version 12.00
# Visual Studio Version 17
VisualStudioVersion = 17.11.35208.52
MinimumVisualStudioVersion = 10.0.40219.1
Project("{FAE04EC0-301F-11D3-BF4B-00C04F79EFBC}") = "OptiTourRoutesWebsite", "OptiTourRoutesWebsite\OptiTourRoutesWebsite.csproj", "{E5ED0B85-DA39-4B60-A47C-CFEFF9802BD9}"
EndProject
Project("{2150E333-8FDC-42A3-9474-1A3956D46DE8}") = "1. INTERFACE ADAPTERS", "1. INTERFACE ADAPTERS", "{1CB2C3A2-8C48-41A4-9227-9779B088620E}"
EndProject
Project("{2150E333-8FDC-42A3-9474-1A3956D46DE8}") = "2. INFRASTRUCTURE", "2. INFRASTRUCTURE", "{C816C54E-843C-45B9-BFD9-7A99210EE513}"
EndProject
Project("{FAE04EC0-301F-11D3-BF4B-00C04F79EFBC}") = "OptiTourRoutesWebsite.Infrastructure", "OptiTourRoutesWebsite.Infrastructure\OptiTourRoutesWebsite.Infrastructure.csproj", "{7F6835C2-9EBF-4105-B406-02EBE69B91A1}"
EndProject
Project("{2150E333-8FDC-42A3-9474-1A3956D46DE8}") = "3. SERVICES", "3. SERVICES", "{AD0C908F-A31D-4122-A7C1-1936B96A8A67}"
EndProject
Project("{FAE04EC0-301F-11D3-BF4B-00C04F79EFBC}") = "OptiTourRoutesWebsite.Contract.UseCases", "OptiTourRoutesWebsite.Contract.UseCases\OptiTourRoutesWebsite.Contract.UseCases.csproj", "{EBAB2157-63CC-4ABE-8AED-9ADDE64A740C}"
EndProject
Project("{FAE04EC0-301F-11D3-BF4B-00C04F79EFBC}") = "OptiTourRoutesWebsite.Services", "OptiTourRoutesWebsite.Services\OptiTourRoutesWebsite.Services.csproj", "{105B0800-3F88-47B8-86C4-E6C7BB55E46F}"
EndProject
Project("{2150E333-8FDC-42A3-9474-1A3956D46DE8}") = "4. CORE", "4. CORE", "{48DC6B39-73CB-40A3-8671-062AE69706E7}"
EndProject
Project("{FAE04EC0-301F-11D3-BF4B-00C04F79EFBC}") = "OptiTourRoutesWebsite.Contract.Core", "OptiTourRoutesWebsite.Contract.Core\OptiTourRoutesWebsite.Contract.Core.csproj", "{FB928724-3114-4AF9-A388-1627A0C0B469}"
EndProject
Project("{FAE04EC0-301F-11D3-BF4B-00C04F79EFBC}") = "OptiTourRoutesWebsite.Core", "OptiTourRoutesWebsite.Core\OptiTourRoutesWebsite.Core.csproj", "{285E1FA1-904B-4551-AC74-89B0CAE043F3}"
EndProject
Global
	GlobalSection(SolutionConfigurationPlatforms) = preSolution
		Debug|Any CPU = Debug|Any CPU
		Release|Any CPU = Release|Any CPU
	EndGlobalSection
	GlobalSection(ProjectConfigurationPlatforms) = postSolution
		{E5ED0B85-DA39-4B60-A47C-CFEFF9802BD9}.Debug|Any CPU.ActiveCfg = Debug|Any CPU
		{E5ED0B85-DA39-4B60-A47C-CFEFF9802BD9}.Debug|Any CPU.Build.0 = Debug|Any CPU
		{E5ED0B85-DA39-4B60-A47C-CFEFF9802BD9}.Release|Any CPU.ActiveCfg = Release|Any CPU
		{E5ED0B85-DA39-4B60-A47C-CFEFF9802BD9}.Release|Any CPU.Build.0 = Release|Any CPU
		{7F6835C2-9EBF-4105-B406-02EBE69B91A1}.Debug|Any CPU.ActiveCfg = Debug|Any CPU
		{7F6835C2-9EBF-4105-B406-02EBE69B91A1}.Debug|Any CPU.Build.0 = Debug|Any CPU
		{7F6835C2-9EBF-4105-B406-02EBE69B91A1}.Release|Any CPU.ActiveCfg = Release|Any CPU
		{7F6835C2-9EBF-4105-B406-02EBE69B91A1}.Release|Any CPU.Build.0 = Release|Any CPU
		{EBAB2157-63CC-4ABE-8AED-9ADDE64A740C}.Debug|Any CPU.ActiveCfg = Debug|Any CPU
		{EBAB2157-63CC-4ABE-8AED-9ADDE64A740C}.Debug|Any CPU.Build.0 = Debug|Any CPU
		{EBAB2157-63CC-4ABE-8AED-9ADDE64A740C}.Release|Any CPU.ActiveCfg = Release|Any CPU
		{EBAB2157-63CC-4ABE-8AED-9ADDE64A740C}.Release|Any CPU.Build.0 = Release|Any CPU
		{105B0800-3F88-47B8-86C4-E6C7BB55E46F}.Debug|Any CPU.ActiveCfg = Debug|Any CPU
		{105B0800-3F88-47B8-86C4-E6C7BB55E46F}.Debug|Any CPU.Build.0 = Debug|Any CPU
		{105B0800-3F88-47B8-86C4-E6C7BB55E46F}.Release|Any CPU.ActiveCfg = Release|Any CPU
		{105B0800-3F88-47B8-86C4-E6C7BB55E46F}.Release|Any CPU.Build.0 = Release|Any CPU
		{FB928724-3114-4AF9-A388-1627A0C0B469}.Debug|Any CPU.ActiveCfg = Debug|Any CPU
		{FB928724-3114-4AF9-A388-1627A0C0B469}.Debug|Any CPU.Build.0 = Debug|Any CPU
		{FB928724-3114-4AF9-A388-1627A0C0B469}.Release|Any CPU.ActiveCfg = Release|Any CPU
		{FB928724-3114-4AF9-A388-1627A0C0B469}.Release|Any CPU.Build.0 = Release|Any CPU
		{285E1FA1-904B-4551-AC74-89B0CAE043F3}.Debug|Any CPU.ActiveCfg = Debug|Any CPU
		{285E1FA1-904B-4551-AC74-89B0CAE043F3}.Debug|Any CPU.Build.0 = Debug|Any CPU
		{285E1FA1-904B-4551-AC74-89B0CAE043F3}.Release|Any CPU.ActiveCfg = Release|Any CPU
		{285E1FA1-904B-4551-AC74-89B0CAE043F3}.Release|Any CPU.Build.0 = Release|Any CPU
	EndGlobalSection
	GlobalSection(SolutionProperties) = preSolution
		HideSolutionNode = FALSE
	EndGlobalSection
	GlobalSection(NestedProjects) = preSolution
		{E5ED0B85-DA39-4B60-A47C-CFEFF9802BD9} = {1CB2C3A2-8C48-41A4-9227-9779B088620E}
		{7F6835C2-9EBF-4105-B406-02EBE69B91A1} = {C816C54E-843C-45B9-BFD9-7A99210EE513}
		{EBAB2157-63CC-4ABE-8AED-9ADDE64A740C} = {AD0C908F-A31D-4122-A7C1-1936B96A8A67}
		{105B0800-3F88-47B8-86C4-E6C7BB55E46F} = {AD0C908F-A31D-4122-A7C1-1936B96A8A67}
		{FB928724-3114-4AF9-A388-1627A0C0B469} = {48DC6B39-73CB-40A3-8671-062AE69706E7}
		{285E1FA1-904B-4551-AC74-89B0CAE043F3} = {48DC6B39-73CB-40A3-8671-062AE69706E7}
	EndGlobalSection
	GlobalSection(ExtensibilityGlobals) = postSolution
		SolutionGuid = {3D03DFF6-DBA6-44F2-BFDB-29069BCD17F1}
	EndGlobalSection
EndGlobal
